
Microsoft Visual Studio Solution File, Format Version 12.00
# Visual Studio 15
VisualStudioVersion = 15.0.28307.168
MinimumVisualStudioVersion = 10.0.40219.1
Project("{FAE04EC0-301F-11D3-BF4B-00C04F79EFBC}") = "Introduction", "Introduction\Introduction.csproj", "{998189EE-BE25-4FD9-B4B8-5E10168E791A}"
EndProject
Project("{FAE04EC0-301F-11D3-BF4B-00C04F79EFBC}") = "Features", "Features\Features.csproj", "{6584FB12-233C-447A-8537-BF0B99EB6034}"
EndProject
Global
	GlobalSection(SolutionConfigurationPlatforms) = preSolution
		Debug|Any CPU = Debug|Any CPU
		Release|Any CPU = Release|Any CPU
	EndGlobalSection
	GlobalSection(ProjectConfigurationPlatforms) = postSolution
		{998189EE-BE25-4FD9-B4B8-5E10168E791A}.Debug|Any CPU.ActiveCfg = Debug|Any CPU
		{998189EE-BE25-4FD9-B4B8-5E10168E791A}.Debug|Any CPU.Build.0 = Debug|Any CPU
		{998189EE-BE25-4FD9-B4B8-5E10168E791A}.Release|Any CPU.ActiveCfg = Release|Any CPU
		{998189EE-BE25-4FD9-B4B8-5E10168E791A}.Release|Any CPU.Build.0 = Release|Any CPU
		{6584FB12-233C-447A-8537-BF0B99EB6034}.Debug|Any CPU.ActiveCfg = Debug|Any CPU
		{6584FB12-233C-447A-8537-BF0B99EB6034}.Debug|Any CPU.Build.0 = Debug|Any CPU
		{6584FB12-233C-447A-8537-BF0B99EB6034}.Release|Any CPU.ActiveCfg = Release|Any CPU
		{6584FB12-233C-447A-8537-BF0B99EB6034}.Release|Any CPU.Build.0 = Release|Any CPU
	EndGlobalSection
	GlobalSection(SolutionProperties) = preSolution
		HideSolutionNode = FALSE
	EndGlobalSection
	GlobalSection(ExtensibilityGlobals) = postSolution
		SolutionGuid = {868B7CD0-678E-490E-A066-C0BDDFE244E2}
	EndGlobalSection
EndGlobal
